// !$*UTF8*$!
{
	archiveVersion = 1;
	classes = {
	};
	objectVersion = 50;
	objects = {

/* Begin PBXBuildFile section */
		2146B6D2D155539107398778 /* Pods_Iris_iOS.framework in Frameworks */ = {isa = PBXBuildFile; fileRef = D2F4B3EDEED8E5F8E5DA0127 /* Pods_Iris_iOS.framework */; };
		EB05686322433F5800899DCE /* AvenirLTStd-Roman.otf in Resources */ = {isa = PBXBuildFile; fileRef = EB056861224334F300899DCE /* AvenirLTStd-Roman.otf */; };
		EB05686422433F5F00899DCE /* AvenirLTStd-Book.otf in Resources */ = {isa = PBXBuildFile; fileRef = EB056862224334FE00899DCE /* AvenirLTStd-Book.otf */; };
		EB0568672244C78700899DCE /* GradientBorder.swift in Sources */ = {isa = PBXBuildFile; fileRef = EB0568662244C78700899DCE /* GradientBorder.swift */; };
		EB05686A2245DC6C00899DCE /* SketchShadow.swift in Sources */ = {isa = PBXBuildFile; fileRef = EB0568692245DC6C00899DCE /* SketchShadow.swift */; };
		EB05686C2245E6AE00899DCE /* GradientBackground.swift in Sources */ = {isa = PBXBuildFile; fileRef = EB05686B2245E6AE00899DCE /* GradientBackground.swift */; };
		EB05686E224616FD00899DCE /* Apple Symbols.ttf in Resources */ = {isa = PBXBuildFile; fileRef = EB05686D224616FD00899DCE /* Apple Symbols.ttf */; };
		EB188A7A22FA9D0400524B77 /* ObjectDictionaryProtocols.swift in Sources */ = {isa = PBXBuildFile; fileRef = EB188A7922FA9D0300524B77 /* ObjectDictionaryProtocols.swift */; };
		EB1E9E2A22F805F70095FDA9 /* MainBottomTabBar.swift in Sources */ = {isa = PBXBuildFile; fileRef = EB1E9E2922F805F70095FDA9 /* MainBottomTabBar.swift */; };
		EB1E9E2C22F808B20095FDA9 /* MainBottomTabBar.xib in Resources */ = {isa = PBXBuildFile; fileRef = EB1E9E2B22F808B20095FDA9 /* MainBottomTabBar.xib */; };
		EB1E9E2E22F80CCC0095FDA9 /* MainTabBarController.swift in Sources */ = {isa = PBXBuildFile; fileRef = EB1E9E2D22F80CCC0095FDA9 /* MainTabBarController.swift */; };
		EB267C31228A857C004979AC /* MainTabBar.xib in Resources */ = {isa = PBXBuildFile; fileRef = EB267C30228A857C004979AC /* MainTabBar.xib */; };
		EB267C37228A99E8004979AC /* MainTabBar.swift in Sources */ = {isa = PBXBuildFile; fileRef = EB267C36228A99E8004979AC /* MainTabBar.swift */; };
		EB267C39228A9A0E004979AC /* XibUIView.swift in Sources */ = {isa = PBXBuildFile; fileRef = EB267C38228A9A0E004979AC /* XibUIView.swift */; };
		EB267C3B228AA092004979AC /* DailyViewController.swift in Sources */ = {isa = PBXBuildFile; fileRef = EB267C3A228AA092004979AC /* DailyViewController.swift */; };
		EB267C3E228AA7CF004979AC /* DailyTableViewPostTableViewCell.swift in Sources */ = {isa = PBXBuildFile; fileRef = EB267C3C228AA7CF004979AC /* DailyTableViewPostTableViewCell.swift */; };
		EB267C40228AD9F5004979AC /* DailyTableViewPostTableViewCell.xib in Resources */ = {isa = PBXBuildFile; fileRef = EB267C3D228AA7CF004979AC /* DailyTableViewPostTableViewCell.xib */; };
		EB267C42228BEB06004979AC /* ExploreViewController.swift in Sources */ = {isa = PBXBuildFile; fileRef = EB267C41228BEB06004979AC /* ExploreViewController.swift */; };
		EB267C44228C020F004979AC /* Lora-Regular.ttf in Resources */ = {isa = PBXBuildFile; fileRef = EB267C43228C020F004979AC /* Lora-Regular.ttf */; };
		EB2A98272296E08000977FC8 /* ActivityTableViewCommentCell.swift in Sources */ = {isa = PBXBuildFile; fileRef = EB2A98262296E08000977FC8 /* ActivityTableViewCommentCell.swift */; };
		EB2A98292296E09200977FC8 /* ActivityTableViewCommentCell.xib in Resources */ = {isa = PBXBuildFile; fileRef = EB2A98282296E09200977FC8 /* ActivityTableViewCommentCell.xib */; };
		EB39BAB422F5D6E80022ACDB /* UserInfo.swift in Sources */ = {isa = PBXBuildFile; fileRef = EB39BAB322F5D6E80022ACDB /* UserInfo.swift */; };
		EB39BAB622F6A0E00022ACDB /* RequestAnalyzer.swift in Sources */ = {isa = PBXBuildFile; fileRef = EB39BAB522F6A0E00022ACDB /* RequestAnalyzer.swift */; };
		EB39BAB822F6A5460022ACDB /* AlamofireManager.swift in Sources */ = {isa = PBXBuildFile; fileRef = EB39BAB722F6A5460022ACDB /* AlamofireManager.swift */; };
		EB39BABA22F6BCD60022ACDB /* DeviantArtManager.swift in Sources */ = {isa = PBXBuildFile; fileRef = EB39BAB922F6BCD60022ACDB /* DeviantArtManager.swift */; };
		EB39BABC22F6BEEE0022ACDB /* ApplicationKey.swift in Sources */ = {isa = PBXBuildFile; fileRef = EB39BABB22F6BEEE0022ACDB /* ApplicationKey.swift */; };
		EB39BABE22F6D5A50022ACDB /* ActiveUserInfo.swift in Sources */ = {isa = PBXBuildFile; fileRef = EB39BABD22F6D5A50022ACDB /* ActiveUserInfo.swift */; };
		EB40B34022D5BC0400E75C9B /* UserCenterFavoriateViewController.swift in Sources */ = {isa = PBXBuildFile; fileRef = EB40B33F22D5BC0400E75C9B /* UserCenterFavoriateViewController.swift */; };
		EB40B34222D5BD9400E75C9B /* UserCenterFavoriteTableViewCell.xib in Resources */ = {isa = PBXBuildFile; fileRef = EB40B34122D5BD9400E75C9B /* UserCenterFavoriteTableViewCell.xib */; };
		EB40B34422D5BDAB00E75C9B /* UserCenterFavoriteTableViewCell.swift in Sources */ = {isa = PBXBuildFile; fileRef = EB40B34322D5BDAB00E75C9B /* UserCenterFavoriteTableViewCell.swift */; };
		EB488B5722431F8400AC925F /* AppDelegate.swift in Sources */ = {isa = PBXBuildFile; fileRef = EB488B5622431F8400AC925F /* AppDelegate.swift */; };
		EB488B5922431F8400AC925F /* LoginViewController.swift in Sources */ = {isa = PBXBuildFile; fileRef = EB488B5822431F8400AC925F /* LoginViewController.swift */; };
		EB488B5C22431F8400AC925F /* Main.storyboard in Resources */ = {isa = PBXBuildFile; fileRef = EB488B5A22431F8400AC925F /* Main.storyboard */; };
		EB488B6122431F8700AC925F /* LaunchScreen.storyboard in Resources */ = {isa = PBXBuildFile; fileRef = EB488B5F22431F8700AC925F /* LaunchScreen.storyboard */; };
		EB48B5DB22EF1D3500F60F15 /* UserCenterCommentHeaderTableViewCell.swift in Sources */ = {isa = PBXBuildFile; fileRef = EB48B5DA22EF1D3500F60F15 /* UserCenterCommentHeaderTableViewCell.swift */; };
		EB48B5DD22EF1D4600F60F15 /* UserCenterCommentHeaderTableViewCell.xib in Resources */ = {isa = PBXBuildFile; fileRef = EB48B5DC22EF1D4600F60F15 /* UserCenterCommentHeaderTableViewCell.xib */; };
		EB48B5DF22EF20B100F60F15 /* UserCenterCommentHeaderStackViewSubview.xib in Resources */ = {isa = PBXBuildFile; fileRef = EB48B5DE22EF20B100F60F15 /* UserCenterCommentHeaderStackViewSubview.xib */; };
		EB48B5E122EF20D900F60F15 /* UserCenterCommentHeaderStackViewSubview.swift in Sources */ = {isa = PBXBuildFile; fileRef = EB48B5E022EF20D900F60F15 /* UserCenterCommentHeaderStackViewSubview.swift */; };
		EB48B5E322EF269E00F60F15 /* UserCenterCommentViewController.swift in Sources */ = {isa = PBXBuildFile; fileRef = EB48B5E222EF269E00F60F15 /* UserCenterCommentViewController.swift */; };
		EB48B5E522EF661E00F60F15 /* UserCenterCommentReplyStackViewSubview.xib in Resources */ = {isa = PBXBuildFile; fileRef = EB48B5E422EF661E00F60F15 /* UserCenterCommentReplyStackViewSubview.xib */; };
		EB48B5E722EF662E00F60F15 /* UserCenterCommentReplyStackViewSubview.swift in Sources */ = {isa = PBXBuildFile; fileRef = EB48B5E622EF662E00F60F15 /* UserCenterCommentReplyStackViewSubview.swift */; };
		EB66429C228FC76B00FE71B6 /* Assets.xcassets in Resources */ = {isa = PBXBuildFile; fileRef = EB66429B228FC76B00FE71B6 /* Assets.xcassets */; };
		EB6642A0228FD1BB00FE71B6 /* ArtListViewController.swift in Sources */ = {isa = PBXBuildFile; fileRef = EB66429F228FD1BB00FE71B6 /* ArtListViewController.swift */; };
		EB6642A4228FF39F00FE71B6 /* CollectionMasonryViewLayout.swift in Sources */ = {isa = PBXBuildFile; fileRef = EB6642A3228FF39F00FE71B6 /* CollectionMasonryViewLayout.swift */; };
		EB6642A7228FF8A000FE71B6 /* ArtListCollectionViewCell.swift in Sources */ = {isa = PBXBuildFile; fileRef = EB6642A5228FF8A000FE71B6 /* ArtListCollectionViewCell.swift */; };
		EB6642A8228FF8A000FE71B6 /* ArtListCollectionViewCell.xib in Resources */ = {isa = PBXBuildFile; fileRef = EB6642A6228FF8A000FE71B6 /* ArtListCollectionViewCell.xib */; };
		EB6642AA229280F000FE71B6 /* TreeStructureView.swift in Sources */ = {isa = PBXBuildFile; fileRef = EB6642A9229280F000FE71B6 /* TreeStructureView.swift */; };
		EB6642AC2292810200FE71B6 /* TreeStructureView.xib in Resources */ = {isa = PBXBuildFile; fileRef = EB6642AB2292810200FE71B6 /* TreeStructureView.xib */; };
		EB6642AE229285E200FE71B6 /* art-categories.json in Resources */ = {isa = PBXBuildFile; fileRef = EB6642AD229285E200FE71B6 /* art-categories.json */; };
		EB6642B122929B8F00FE71B6 /* CategorySelectorTableViewCell.swift in Sources */ = {isa = PBXBuildFile; fileRef = EB6642AF22929B8F00FE71B6 /* CategorySelectorTableViewCell.swift */; };
		EB6642B222929B8F00FE71B6 /* CategorySelectorTableViewCell.xib in Resources */ = {isa = PBXBuildFile; fileRef = EB6642B022929B8F00FE71B6 /* CategorySelectorTableViewCell.xib */; };
		EB6642B62293BFBD00FE71B6 /* ActivityTableViewNormalCell.swift in Sources */ = {isa = PBXBuildFile; fileRef = EB6642B42293BFBD00FE71B6 /* ActivityTableViewNormalCell.swift */; };
		EB6642B72293BFBD00FE71B6 /* ActivityTableViewNormalCell.xib in Resources */ = {isa = PBXBuildFile; fileRef = EB6642B52293BFBD00FE71B6 /* ActivityTableViewNormalCell.xib */; };
		EB6642B92293EA1C00FE71B6 /* ActivityViewController.swift in Sources */ = {isa = PBXBuildFile; fileRef = EB6642B82293EA1C00FE71B6 /* ActivityViewController.swift */; };
		EB74337222F9B491002884BB /* ImageWithColorExtension.swift in Sources */ = {isa = PBXBuildFile; fileRef = EB74337122F9B491002884BB /* ImageWithColorExtension.swift */; };
		EB9CC18322C64D3E00F665BD /* UserCenterJournalTableViewCell.swift in Sources */ = {isa = PBXBuildFile; fileRef = EB9CC18122C64D3E00F665BD /* UserCenterJournalTableViewCell.swift */; };
		EB9CC18422C64D3E00F665BD /* UserCenterJournalTableViewCell.xib in Resources */ = {isa = PBXBuildFile; fileRef = EB9CC18222C64D3E00F665BD /* UserCenterJournalTableViewCell.xib */; };
		EB9CC18622C64E5C00F665BD /* UserCenterJournalViewController.swift in Sources */ = {isa = PBXBuildFile; fileRef = EB9CC18522C64E5C00F665BD /* UserCenterJournalViewController.swift */; };
		EBA0323B22FAEE1C0084B92F /* JSONObjectProtocols.swift in Sources */ = {isa = PBXBuildFile; fileRef = EBA0323A22FAEE1C0084B92F /* JSONObjectProtocols.swift */; };
		EBA0323D22FB10490084B92F /* JSONObjectHandler.swift in Sources */ = {isa = PBXBuildFile; fileRef = EBA0323C22FB10490084B92F /* JSONObjectHandler.swift */; };
		EBAE40E222EEE72E008425A2 /* UserCenterFollowerViewController.swift in Sources */ = {isa = PBXBuildFile; fileRef = EBAE40E122EEE72E008425A2 /* UserCenterFollowerViewController.swift */; };
		EBAE40E422EEE7A7008425A2 /* UserCenterFollowerTableViewCell.swift in Sources */ = {isa = PBXBuildFile; fileRef = EBAE40E322EEE7A7008425A2 /* UserCenterFollowerTableViewCell.swift */; };
		EBAE40E622EEE7B5008425A2 /* UserCenterFollowerTableViewCell.xib in Resources */ = {isa = PBXBuildFile; fileRef = EBAE40E522EEE7B5008425A2 /* UserCenterFollowerTableViewCell.xib */; };
		EBB63AEF229921C600F789BD /* ArtDetailTableViewCommentTableViewCell.swift in Sources */ = {isa = PBXBuildFile; fileRef = EBB63AED229921C600F789BD /* ArtDetailTableViewCommentTableViewCell.swift */; };
		EBB63AF0229921C600F789BD /* ArtDetailTableViewCommentTableViewCell.xib in Resources */ = {isa = PBXBuildFile; fileRef = EBB63AEE229921C600F789BD /* ArtDetailTableViewCommentTableViewCell.xib */; };
		EBB63AF2229A5A5900F789BD /* ArtDetailTableViewSubCommentTableViewCell.swift in Sources */ = {isa = PBXBuildFile; fileRef = EBB63AF1229A5A5900F789BD /* ArtDetailTableViewSubCommentTableViewCell.swift */; };
		EBB63AF4229A5A6600F789BD /* ArtDetailTableViewSubCommentTableViewCell.xib in Resources */ = {isa = PBXBuildFile; fileRef = EBB63AF3229A5A6600F789BD /* ArtDetailTableViewSubCommentTableViewCell.xib */; };
		EBB63AF6229A5ED200F789BD /* ArtDetailViewController.swift in Sources */ = {isa = PBXBuildFile; fileRef = EBB63AF5229A5ED200F789BD /* ArtDetailViewController.swift */; };
		EBB63AF8229D1C1F00F789BD /* UserInfoView.xib in Resources */ = {isa = PBXBuildFile; fileRef = EBB63AF7229D1C1F00F789BD /* UserInfoView.xib */; };
		EBB63AFA229D43E700F789BD /* UserInfoView.swift in Sources */ = {isa = PBXBuildFile; fileRef = EBB63AF9229D43E700F789BD /* UserInfoView.swift */; };
		EBB63AFC229D457300F789BD /* UserCenterNavigationView.xib in Resources */ = {isa = PBXBuildFile; fileRef = EBB63AFB229D457300F789BD /* UserCenterNavigationView.xib */; };
		EBB63AFE229D48CA00F789BD /* UserCenterNavigationView.swift in Sources */ = {isa = PBXBuildFile; fileRef = EBB63AFD229D48CA00F789BD /* UserCenterNavigationView.swift */; };
		EBB63B00229D493F00F789BD /* UserCenterContentSwitchView.swift in Sources */ = {isa = PBXBuildFile; fileRef = EBB63AFF229D493F00F789BD /* UserCenterContentSwitchView.swift */; };
		EBB63B02229D495C00F789BD /* UserCenterContentSwitchView.xib in Resources */ = {isa = PBXBuildFile; fileRef = EBB63B01229D495C00F789BD /* UserCenterContentSwitchView.xib */; };
		EBB63B3B229EB3D200F789BD /* UserCenterGalleryTableViewCell.swift in Sources */ = {isa = PBXBuildFile; fileRef = EBB63B39229EB3D200F789BD /* UserCenterGalleryTableViewCell.swift */; };
		EBB63B3C229EB3D200F789BD /* UserCenterGalleryTableViewCell.xib in Resources */ = {isa = PBXBuildFile; fileRef = EBB63B3A229EB3D200F789BD /* UserCenterGalleryTableViewCell.xib */; };
		EBB63B3E229EB92500F789BD /* UserCenterGalleryViewController.swift in Sources */ = {isa = PBXBuildFile; fileRef = EBB63B3D229EB92500F789BD /* UserCenterGalleryViewController.swift */; };
		EBBA85712307C4A3009E0A7D /* DeviationComment.swift in Sources */ = {isa = PBXBuildFile; fileRef = EBBA85702307C4A3009E0A7D /* DeviationComment.swift */; };
		EBBA85732307CD31009E0A7D /* JSONDateExtension.swift in Sources */ = {isa = PBXBuildFile; fileRef = EBBA85722307CD31009E0A7D /* JSONDateExtension.swift */; };
		EBBA857C230920B0009E0A7D /* DailyTableViewDateTableViewCell.swift in Sources */ = {isa = PBXBuildFile; fileRef = EBBA857A230920B0009E0A7D /* DailyTableViewDateTableViewCell.swift */; };
		EBBA857D230920B0009E0A7D /* DailyTableViewDateTableViewCell.xib in Resources */ = {isa = PBXBuildFile; fileRef = EBBA857B230920B0009E0A7D /* DailyTableViewDateTableViewCell.xib */; };
		EBBA857F23093C32009E0A7D /* DailyDeviation.swift in Sources */ = {isa = PBXBuildFile; fileRef = EBBA857E23093C32009E0A7D /* DailyDeviation.swift */; };
		EBCB4077230BBDD500CD3430 /* UserCetnerTabBarController.swift in Sources */ = {isa = PBXBuildFile; fileRef = EBCB4076230BBDD500CD3430 /* UserCetnerTabBarController.swift */; };
		EBD688C122FBFF9F0001D711 /* UICollectionViewReloadCallBackExtension.swift in Sources */ = {isa = PBXBuildFile; fileRef = EBD688C022FBFF9F0001D711 /* UICollectionViewReloadCallBackExtension.swift */; };
		EBF31DEB2302BBF3003BC6CC /* Deviation.swift in Sources */ = {isa = PBXBuildFile; fileRef = EBF31DEA2302BBF3003BC6CC /* Deviation.swift */; };
		EBF31DED2302E827003BC6CC /* ArtListOrderEnum.swift in Sources */ = {isa = PBXBuildFile; fileRef = EBF31DEC2302E827003BC6CC /* ArtListOrderEnum.swift */; };
		EBF31DEF2302F74C003BC6CC /* DeviationHandler.swift in Sources */ = {isa = PBXBuildFile; fileRef = EBF31DEE2302F74C003BC6CC /* DeviationHandler.swift */; };
		EBF31DF123039F79003BC6CC /* DeviationCategory.swift in Sources */ = {isa = PBXBuildFile; fileRef = EBF31DF023039F79003BC6CC /* DeviationCategory.swift */; };
		EBF3487322CD8ECB001A4793 /* UserCenterStatusViewController.swift in Sources */ = {isa = PBXBuildFile; fileRef = EBF3487222CD8ECB001A4793 /* UserCenterStatusViewController.swift */; };
		EBF3487522CD8F60001A4793 /* UserCenterStatusTableViewCell.xib in Resources */ = {isa = PBXBuildFile; fileRef = EBF3487422CD8F60001A4793 /* UserCenterStatusTableViewCell.xib */; };
		EBF3487722CD8F6F001A4793 /* UserCenterStatusTableViewCell.swift in Sources */ = {isa = PBXBuildFile; fileRef = EBF3487622CD8F6F001A4793 /* UserCenterStatusTableViewCell.swift */; };
		EBF3488122CDC562001A4793 /* UserCenterStatusHeaderView.swift in Sources */ = {isa = PBXBuildFile; fileRef = EBF3488022CDC562001A4793 /* UserCenterStatusHeaderView.swift */; };
		EBF3488322CDC579001A4793 /* UserCenterStatusHeaderView.xib in Resources */ = {isa = PBXBuildFile; fileRef = EBF3488222CDC579001A4793 /* UserCenterStatusHeaderView.xib */; };
		EBFF775D2309A5BB00FC6012 /* NotificationTypeEnum.swift in Sources */ = {isa = PBXBuildFile; fileRef = EBFF775C2309A5BB00FC6012 /* NotificationTypeEnum.swift */; };
		EBFF77602309AA2800FC6012 /* DeviantArtNotification.swift in Sources */ = {isa = PBXBuildFile; fileRef = EBFF775F2309AA2800FC6012 /* DeviantArtNotification.swift */; };
/* End PBXBuildFile section */

/* Begin PBXFileReference section */
		548BB03637E4D6DF41C90836 /* Pods-Iris.iOS.release.xcconfig */ = {isa = PBXFileReference; includeInIndex = 1; lastKnownFileType = text.xcconfig; name = "Pods-Iris.iOS.release.xcconfig"; path = "Pods/Target Support Files/Pods-Iris.iOS/Pods-Iris.iOS.release.xcconfig"; sourceTree = "<group>"; };
		AD33E770E572DAAF7F747AAD /* Pods-Iris.iOS.debug.xcconfig */ = {isa = PBXFileReference; includeInIndex = 1; lastKnownFileType = text.xcconfig; name = "Pods-Iris.iOS.debug.xcconfig"; path = "Pods/Target Support Files/Pods-Iris.iOS/Pods-Iris.iOS.debug.xcconfig"; sourceTree = "<group>"; };
		D2F4B3EDEED8E5F8E5DA0127 /* Pods_Iris_iOS.framework */ = {isa = PBXFileReference; explicitFileType = wrapper.framework; includeInIndex = 0; path = Pods_Iris_iOS.framework; sourceTree = BUILT_PRODUCTS_DIR; };
		EB056861224334F300899DCE /* AvenirLTStd-Roman.otf */ = {isa = PBXFileReference; lastKnownFileType = file; path = "AvenirLTStd-Roman.otf"; sourceTree = "<group>"; };
		EB056862224334FE00899DCE /* AvenirLTStd-Book.otf */ = {isa = PBXFileReference; lastKnownFileType = file; path = "AvenirLTStd-Book.otf"; sourceTree = "<group>"; };
		EB0568662244C78700899DCE /* GradientBorder.swift */ = {isa = PBXFileReference; lastKnownFileType = sourcecode.swift; path = GradientBorder.swift; sourceTree = "<group>"; };
		EB0568692245DC6C00899DCE /* SketchShadow.swift */ = {isa = PBXFileReference; fileEncoding = 4; lastKnownFileType = sourcecode.swift; path = SketchShadow.swift; sourceTree = "<group>"; };
		EB05686B2245E6AE00899DCE /* GradientBackground.swift */ = {isa = PBXFileReference; fileEncoding = 4; lastKnownFileType = sourcecode.swift; path = GradientBackground.swift; sourceTree = "<group>"; };
		EB05686D224616FD00899DCE /* Apple Symbols.ttf */ = {isa = PBXFileReference; lastKnownFileType = file; path = "Apple Symbols.ttf"; sourceTree = "<group>"; };
		EB188A7922FA9D0300524B77 /* ObjectDictionaryProtocols.swift */ = {isa = PBXFileReference; fileEncoding = 4; lastKnownFileType = sourcecode.swift; path = ObjectDictionaryProtocols.swift; sourceTree = "<group>"; };
		EB1E9E2922F805F70095FDA9 /* MainBottomTabBar.swift */ = {isa = PBXFileReference; lastKnownFileType = sourcecode.swift; path = MainBottomTabBar.swift; sourceTree = "<group>"; };
		EB1E9E2B22F808B20095FDA9 /* MainBottomTabBar.xib */ = {isa = PBXFileReference; lastKnownFileType = file.xib; name = MainBottomTabBar.xib; path = ../UserCenterGallery/MainBottomTabBar.xib; sourceTree = "<group>"; };
		EB1E9E2D22F80CCC0095FDA9 /* MainTabBarController.swift */ = {isa = PBXFileReference; lastKnownFileType = sourcecode.swift; name = MainTabBarController.swift; path = ../MainTabBarController.swift; sourceTree = "<group>"; };
		EB267C30228A857C004979AC /* MainTabBar.xib */ = {isa = PBXFileReference; lastKnownFileType = file.xib; path = MainTabBar.xib; sourceTree = "<group>"; };
		EB267C36228A99E8004979AC /* MainTabBar.swift */ = {isa = PBXFileReference; lastKnownFileType = sourcecode.swift; path = MainTabBar.swift; sourceTree = "<group>"; };
		EB267C38228A9A0E004979AC /* XibUIView.swift */ = {isa = PBXFileReference; fileEncoding = 4; lastKnownFileType = sourcecode.swift; path = XibUIView.swift; sourceTree = "<group>"; };
		EB267C3A228AA092004979AC /* DailyViewController.swift */ = {isa = PBXFileReference; lastKnownFileType = sourcecode.swift; path = DailyViewController.swift; sourceTree = "<group>"; };
		EB267C3C228AA7CF004979AC /* DailyTableViewPostTableViewCell.swift */ = {isa = PBXFileReference; lastKnownFileType = sourcecode.swift; path = DailyTableViewPostTableViewCell.swift; sourceTree = "<group>"; };
		EB267C3D228AA7CF004979AC /* DailyTableViewPostTableViewCell.xib */ = {isa = PBXFileReference; lastKnownFileType = file.xib; path = DailyTableViewPostTableViewCell.xib; sourceTree = "<group>"; };
		EB267C41228BEB06004979AC /* ExploreViewController.swift */ = {isa = PBXFileReference; lastKnownFileType = sourcecode.swift; path = ExploreViewController.swift; sourceTree = "<group>"; };
		EB267C43228C020F004979AC /* Lora-Regular.ttf */ = {isa = PBXFileReference; lastKnownFileType = file; path = "Lora-Regular.ttf"; sourceTree = "<group>"; };
		EB2A98262296E08000977FC8 /* ActivityTableViewCommentCell.swift */ = {isa = PBXFileReference; fileEncoding = 4; lastKnownFileType = sourcecode.swift; path = ActivityTableViewCommentCell.swift; sourceTree = "<group>"; };
		EB2A98282296E09200977FC8 /* ActivityTableViewCommentCell.xib */ = {isa = PBXFileReference; fileEncoding = 4; lastKnownFileType = file.xib; path = ActivityTableViewCommentCell.xib; sourceTree = "<group>"; };
		EB39BAB322F5D6E80022ACDB /* UserInfo.swift */ = {isa = PBXFileReference; fileEncoding = 4; lastKnownFileType = sourcecode.swift; path = UserInfo.swift; sourceTree = "<group>"; };
		EB39BAB522F6A0E00022ACDB /* RequestAnalyzer.swift */ = {isa = PBXFileReference; lastKnownFileType = sourcecode.swift; path = RequestAnalyzer.swift; sourceTree = "<group>"; };
		EB39BAB722F6A5460022ACDB /* AlamofireManager.swift */ = {isa = PBXFileReference; fileEncoding = 4; lastKnownFileType = sourcecode.swift; path = AlamofireManager.swift; sourceTree = "<group>"; };
		EB39BAB922F6BCD60022ACDB /* DeviantArtManager.swift */ = {isa = PBXFileReference; lastKnownFileType = sourcecode.swift; path = DeviantArtManager.swift; sourceTree = "<group>"; };
		EB39BABB22F6BEEE0022ACDB /* ApplicationKey.swift */ = {isa = PBXFileReference; lastKnownFileType = sourcecode.swift; path = ApplicationKey.swift; sourceTree = "<group>"; };
		EB39BABD22F6D5A50022ACDB /* ActiveUserInfo.swift */ = {isa = PBXFileReference; fileEncoding = 4; lastKnownFileType = sourcecode.swift; path = ActiveUserInfo.swift; sourceTree = "<group>"; };
		EB40B33F22D5BC0400E75C9B /* UserCenterFavoriateViewController.swift */ = {isa = PBXFileReference; fileEncoding = 4; lastKnownFileType = sourcecode.swift; path = UserCenterFavoriateViewController.swift; sourceTree = "<group>"; };
		EB40B34122D5BD9400E75C9B /* UserCenterFavoriteTableViewCell.xib */ = {isa = PBXFileReference; fileEncoding = 4; lastKnownFileType = file.xib; path = UserCenterFavoriteTableViewCell.xib; sourceTree = "<group>"; };
		EB40B34322D5BDAB00E75C9B /* UserCenterFavoriteTableViewCell.swift */ = {isa = PBXFileReference; fileEncoding = 4; lastKnownFileType = sourcecode.swift; path = UserCenterFavoriteTableViewCell.swift; sourceTree = "<group>"; };
		EB488B5322431F8400AC925F /* Iris.iOS.app */ = {isa = PBXFileReference; explicitFileType = wrapper.application; includeInIndex = 0; path = Iris.iOS.app; sourceTree = BUILT_PRODUCTS_DIR; };
		EB488B5622431F8400AC925F /* AppDelegate.swift */ = {isa = PBXFileReference; lastKnownFileType = sourcecode.swift; path = AppDelegate.swift; sourceTree = "<group>"; };
		EB488B5822431F8400AC925F /* LoginViewController.swift */ = {isa = PBXFileReference; lastKnownFileType = sourcecode.swift; path = LoginViewController.swift; sourceTree = "<group>"; };
		EB488B5B22431F8400AC925F /* Base */ = {isa = PBXFileReference; lastKnownFileType = file.storyboard; name = Base; path = Base.lproj/Main.storyboard; sourceTree = "<group>"; };
		EB488B6022431F8700AC925F /* Base */ = {isa = PBXFileReference; lastKnownFileType = file.storyboard; name = Base; path = Base.lproj/LaunchScreen.storyboard; sourceTree = "<group>"; };
		EB488B6222431F8700AC925F /* Info.plist */ = {isa = PBXFileReference; lastKnownFileType = text.plist.xml; path = Info.plist; sourceTree = "<group>"; };
		EB48B5DA22EF1D3500F60F15 /* UserCenterCommentHeaderTableViewCell.swift */ = {isa = PBXFileReference; fileEncoding = 4; lastKnownFileType = sourcecode.swift; path = UserCenterCommentHeaderTableViewCell.swift; sourceTree = "<group>"; };
		EB48B5DC22EF1D4600F60F15 /* UserCenterCommentHeaderTableViewCell.xib */ = {isa = PBXFileReference; fileEncoding = 4; lastKnownFileType = file.xib; path = UserCenterCommentHeaderTableViewCell.xib; sourceTree = "<group>"; };
		EB48B5DE22EF20B100F60F15 /* UserCenterCommentHeaderStackViewSubview.xib */ = {isa = PBXFileReference; lastKnownFileType = file.xib; path = UserCenterCommentHeaderStackViewSubview.xib; sourceTree = "<group>"; };
		EB48B5E022EF20D900F60F15 /* UserCenterCommentHeaderStackViewSubview.swift */ = {isa = PBXFileReference; lastKnownFileType = sourcecode.swift; path = UserCenterCommentHeaderStackViewSubview.swift; sourceTree = "<group>"; };
		EB48B5E222EF269E00F60F15 /* UserCenterCommentViewController.swift */ = {isa = PBXFileReference; fileEncoding = 4; lastKnownFileType = sourcecode.swift; path = UserCenterCommentViewController.swift; sourceTree = "<group>"; };
		EB48B5E422EF661E00F60F15 /* UserCenterCommentReplyStackViewSubview.xib */ = {isa = PBXFileReference; fileEncoding = 4; lastKnownFileType = file.xib; path = UserCenterCommentReplyStackViewSubview.xib; sourceTree = "<group>"; };
		EB48B5E622EF662E00F60F15 /* UserCenterCommentReplyStackViewSubview.swift */ = {isa = PBXFileReference; fileEncoding = 4; lastKnownFileType = sourcecode.swift; path = UserCenterCommentReplyStackViewSubview.swift; sourceTree = "<group>"; };
		EB66429B228FC76B00FE71B6 /* Assets.xcassets */ = {isa = PBXFileReference; lastKnownFileType = folder.assetcatalog; path = Assets.xcassets; sourceTree = "<group>"; };
		EB66429F228FD1BB00FE71B6 /* ArtListViewController.swift */ = {isa = PBXFileReference; lastKnownFileType = sourcecode.swift; path = ArtListViewController.swift; sourceTree = "<group>"; };
		EB6642A3228FF39F00FE71B6 /* CollectionMasonryViewLayout.swift */ = {isa = PBXFileReference; lastKnownFileType = sourcecode.swift; path = CollectionMasonryViewLayout.swift; sourceTree = "<group>"; };
		EB6642A5228FF8A000FE71B6 /* ArtListCollectionViewCell.swift */ = {isa = PBXFileReference; lastKnownFileType = sourcecode.swift; path = ArtListCollectionViewCell.swift; sourceTree = "<group>"; };
		EB6642A6228FF8A000FE71B6 /* ArtListCollectionViewCell.xib */ = {isa = PBXFileReference; lastKnownFileType = file.xib; path = ArtListCollectionViewCell.xib; sourceTree = "<group>"; };
		EB6642A9229280F000FE71B6 /* TreeStructureView.swift */ = {isa = PBXFileReference; lastKnownFileType = sourcecode.swift; path = TreeStructureView.swift; sourceTree = "<group>"; };
		EB6642AB2292810200FE71B6 /* TreeStructureView.xib */ = {isa = PBXFileReference; lastKnownFileType = file.xib; path = TreeStructureView.xib; sourceTree = "<group>"; };
		EB6642AD229285E200FE71B6 /* art-categories.json */ = {isa = PBXFileReference; fileEncoding = 4; lastKnownFileType = text.json; path = "art-categories.json"; sourceTree = "<group>"; };
		EB6642AF22929B8F00FE71B6 /* CategorySelectorTableViewCell.swift */ = {isa = PBXFileReference; lastKnownFileType = sourcecode.swift; path = CategorySelectorTableViewCell.swift; sourceTree = "<group>"; };
		EB6642B022929B8F00FE71B6 /* CategorySelectorTableViewCell.xib */ = {isa = PBXFileReference; lastKnownFileType = file.xib; path = CategorySelectorTableViewCell.xib; sourceTree = "<group>"; };
		EB6642B42293BFBD00FE71B6 /* ActivityTableViewNormalCell.swift */ = {isa = PBXFileReference; lastKnownFileType = sourcecode.swift; path = ActivityTableViewNormalCell.swift; sourceTree = "<group>"; };
		EB6642B52293BFBD00FE71B6 /* ActivityTableViewNormalCell.xib */ = {isa = PBXFileReference; lastKnownFileType = file.xib; path = ActivityTableViewNormalCell.xib; sourceTree = "<group>"; };
		EB6642B82293EA1C00FE71B6 /* ActivityViewController.swift */ = {isa = PBXFileReference; lastKnownFileType = sourcecode.swift; path = ActivityViewController.swift; sourceTree = "<group>"; };
		EB74337122F9B491002884BB /* ImageWithColorExtension.swift */ = {isa = PBXFileReference; lastKnownFileType = sourcecode.swift; path = ImageWithColorExtension.swift; sourceTree = "<group>"; };
		EB9CC18122C64D3E00F665BD /* UserCenterJournalTableViewCell.swift */ = {isa = PBXFileReference; lastKnownFileType = sourcecode.swift; path = UserCenterJournalTableViewCell.swift; sourceTree = "<group>"; };
		EB9CC18222C64D3E00F665BD /* UserCenterJournalTableViewCell.xib */ = {isa = PBXFileReference; lastKnownFileType = file.xib; path = UserCenterJournalTableViewCell.xib; sourceTree = "<group>"; };
		EB9CC18522C64E5C00F665BD /* UserCenterJournalViewController.swift */ = {isa = PBXFileReference; fileEncoding = 4; lastKnownFileType = sourcecode.swift; path = UserCenterJournalViewController.swift; sourceTree = "<group>"; };
		EBA0323A22FAEE1C0084B92F /* JSONObjectProtocols.swift */ = {isa = PBXFileReference; fileEncoding = 4; lastKnownFileType = sourcecode.swift; path = JSONObjectProtocols.swift; sourceTree = "<group>"; };
		EBA0323C22FB10490084B92F /* JSONObjectHandler.swift */ = {isa = PBXFileReference; lastKnownFileType = sourcecode.swift; path = JSONObjectHandler.swift; sourceTree = "<group>"; };
		EBAE40E122EEE72E008425A2 /* UserCenterFollowerViewController.swift */ = {isa = PBXFileReference; fileEncoding = 4; lastKnownFileType = sourcecode.swift; path = UserCenterFollowerViewController.swift; sourceTree = "<group>"; };
		EBAE40E322EEE7A7008425A2 /* UserCenterFollowerTableViewCell.swift */ = {isa = PBXFileReference; fileEncoding = 4; lastKnownFileType = sourcecode.swift; path = UserCenterFollowerTableViewCell.swift; sourceTree = "<group>"; };
		EBAE40E522EEE7B5008425A2 /* UserCenterFollowerTableViewCell.xib */ = {isa = PBXFileReference; fileEncoding = 4; lastKnownFileType = file.xib; path = UserCenterFollowerTableViewCell.xib; sourceTree = "<group>"; };
		EBB63AED229921C600F789BD /* ArtDetailTableViewCommentTableViewCell.swift */ = {isa = PBXFileReference; lastKnownFileType = sourcecode.swift; path = ArtDetailTableViewCommentTableViewCell.swift; sourceTree = "<group>"; };
		EBB63AEE229921C600F789BD /* ArtDetailTableViewCommentTableViewCell.xib */ = {isa = PBXFileReference; lastKnownFileType = file.xib; path = ArtDetailTableViewCommentTableViewCell.xib; sourceTree = "<group>"; };
		EBB63AF1229A5A5900F789BD /* ArtDetailTableViewSubCommentTableViewCell.swift */ = {isa = PBXFileReference; fileEncoding = 4; lastKnownFileType = sourcecode.swift; path = ArtDetailTableViewSubCommentTableViewCell.swift; sourceTree = "<group>"; };
		EBB63AF3229A5A6600F789BD /* ArtDetailTableViewSubCommentTableViewCell.xib */ = {isa = PBXFileReference; fileEncoding = 4; lastKnownFileType = file.xib; path = ArtDetailTableViewSubCommentTableViewCell.xib; sourceTree = "<group>"; };
		EBB63AF5229A5ED200F789BD /* ArtDetailViewController.swift */ = {isa = PBXFileReference; lastKnownFileType = sourcecode.swift; path = ArtDetailViewController.swift; sourceTree = "<group>"; };
		EBB63AF7229D1C1F00F789BD /* UserInfoView.xib */ = {isa = PBXFileReference; lastKnownFileType = file.xib; path = UserInfoView.xib; sourceTree = "<group>"; };
		EBB63AF9229D43E700F789BD /* UserInfoView.swift */ = {isa = PBXFileReference; lastKnownFileType = sourcecode.swift; path = UserInfoView.swift; sourceTree = "<group>"; };
		EBB63AFB229D457300F789BD /* UserCenterNavigationView.xib */ = {isa = PBXFileReference; lastKnownFileType = file.xib; path = UserCenterNavigationView.xib; sourceTree = "<group>"; };
		EBB63AFD229D48CA00F789BD /* UserCenterNavigationView.swift */ = {isa = PBXFileReference; lastKnownFileType = sourcecode.swift; path = UserCenterNavigationView.swift; sourceTree = "<group>"; };
		EBB63AFF229D493F00F789BD /* UserCenterContentSwitchView.swift */ = {isa = PBXFileReference; lastKnownFileType = sourcecode.swift; path = UserCenterContentSwitchView.swift; sourceTree = "<group>"; };
		EBB63B01229D495C00F789BD /* UserCenterContentSwitchView.xib */ = {isa = PBXFileReference; lastKnownFileType = file.xib; path = UserCenterContentSwitchView.xib; sourceTree = "<group>"; };
		EBB63B39229EB3D200F789BD /* UserCenterGalleryTableViewCell.swift */ = {isa = PBXFileReference; lastKnownFileType = sourcecode.swift; path = UserCenterGalleryTableViewCell.swift; sourceTree = "<group>"; };
		EBB63B3A229EB3D200F789BD /* UserCenterGalleryTableViewCell.xib */ = {isa = PBXFileReference; lastKnownFileType = file.xib; path = UserCenterGalleryTableViewCell.xib; sourceTree = "<group>"; };
		EBB63B3D229EB92500F789BD /* UserCenterGalleryViewController.swift */ = {isa = PBXFileReference; lastKnownFileType = sourcecode.swift; path = UserCenterGalleryViewController.swift; sourceTree = "<group>"; };
		EBBA85702307C4A3009E0A7D /* DeviationComment.swift */ = {isa = PBXFileReference; fileEncoding = 4; lastKnownFileType = sourcecode.swift; path = DeviationComment.swift; sourceTree = "<group>"; };
		EBBA85722307CD31009E0A7D /* JSONDateExtension.swift */ = {isa = PBXFileReference; lastKnownFileType = sourcecode.swift; path = JSONDateExtension.swift; sourceTree = "<group>"; };
		EBBA857A230920B0009E0A7D /* DailyTableViewDateTableViewCell.swift */ = {isa = PBXFileReference; lastKnownFileType = sourcecode.swift; name = DailyTableViewDateTableViewCell.swift; path = Iris.iOS/Views/Daily/DailyTableViewDateTableViewCell.swift; sourceTree = SOURCE_ROOT; };
		EBBA857B230920B0009E0A7D /* DailyTableViewDateTableViewCell.xib */ = {isa = PBXFileReference; lastKnownFileType = file.xib; name = DailyTableViewDateTableViewCell.xib; path = Iris.iOS/Views/Daily/DailyTableViewDateTableViewCell.xib; sourceTree = SOURCE_ROOT; };
		EBBA857E23093C32009E0A7D /* DailyDeviation.swift */ = {isa = PBXFileReference; lastKnownFileType = sourcecode.swift; name = DailyDeviation.swift; path = ../ViewContollers/DailyDeviation.swift; sourceTree = "<group>"; };
		EBCB4076230BBDD500CD3430 /* UserCetnerTabBarController.swift */ = {isa = PBXFileReference; fileEncoding = 4; lastKnownFileType = sourcecode.swift; name = UserCetnerTabBarController.swift; path = Iris.iOS/UserCetnerTabBarController.swift; sourceTree = SOURCE_ROOT; };
		EBD688C022FBFF9F0001D711 /* UICollectionViewReloadCallBackExtension.swift */ = {isa = PBXFileReference; lastKnownFileType = sourcecode.swift; path = UICollectionViewReloadCallBackExtension.swift; sourceTree = "<group>"; };
		EBF31DEA2302BBF3003BC6CC /* Deviation.swift */ = {isa = PBXFileReference; fileEncoding = 4; lastKnownFileType = sourcecode.swift; path = Deviation.swift; sourceTree = "<group>"; };
		EBF31DEC2302E827003BC6CC /* ArtListOrderEnum.swift */ = {isa = PBXFileReference; lastKnownFileType = sourcecode.swift; path = ArtListOrderEnum.swift; sourceTree = "<group>"; };
		EBF31DEE2302F74C003BC6CC /* DeviationHandler.swift */ = {isa = PBXFileReference; lastKnownFileType = sourcecode.swift; path = DeviationHandler.swift; sourceTree = "<group>"; };
		EBF31DF023039F79003BC6CC /* DeviationCategory.swift */ = {isa = PBXFileReference; lastKnownFileType = sourcecode.swift; path = DeviationCategory.swift; sourceTree = "<group>"; };
		EBF3487222CD8ECB001A4793 /* UserCenterStatusViewController.swift */ = {isa = PBXFileReference; fileEncoding = 4; lastKnownFileType = sourcecode.swift; path = UserCenterStatusViewController.swift; sourceTree = "<group>"; };
		EBF3487422CD8F60001A4793 /* UserCenterStatusTableViewCell.xib */ = {isa = PBXFileReference; fileEncoding = 4; lastKnownFileType = file.xib; path = UserCenterStatusTableViewCell.xib; sourceTree = "<group>"; };
		EBF3487622CD8F6F001A4793 /* UserCenterStatusTableViewCell.swift */ = {isa = PBXFileReference; fileEncoding = 4; lastKnownFileType = sourcecode.swift; path = UserCenterStatusTableViewCell.swift; sourceTree = "<group>"; };
		EBF3488022CDC562001A4793 /* UserCenterStatusHeaderView.swift */ = {isa = PBXFileReference; lastKnownFileType = sourcecode.swift; path = UserCenterStatusHeaderView.swift; sourceTree = "<group>"; };
		EBF3488222CDC579001A4793 /* UserCenterStatusHeaderView.xib */ = {isa = PBXFileReference; lastKnownFileType = file.xib; path = UserCenterStatusHeaderView.xib; sourceTree = "<group>"; };
		EBFF775C2309A5BB00FC6012 /* NotificationTypeEnum.swift */ = {isa = PBXFileReference; lastKnownFileType = sourcecode.swift; path = NotificationTypeEnum.swift; sourceTree = "<group>"; };
		EBFF775F2309AA2800FC6012 /* DeviantArtNotification.swift */ = {isa = PBXFileReference; lastKnownFileType = sourcecode.swift; path = DeviantArtNotification.swift; sourceTree = "<group>"; };
/* End PBXFileReference section */

/* Begin PBXFrameworksBuildPhase section */
		EB488B5022431F8400AC925F /* Frameworks */ = {
			isa = PBXFrameworksBuildPhase;
			buildActionMask = 2147483647;
			files = (
				2146B6D2D155539107398778 /* Pods_Iris_iOS.framework in Frameworks */,
			);
			runOnlyForDeploymentPostprocessing = 0;
		};
/* End PBXFrameworksBuildPhase section */

/* Begin PBXGroup section */
		933B5870148FF97E5869BE84 /* Pods */ = {
			isa = PBXGroup;
			children = (
				AD33E770E572DAAF7F747AAD /* Pods-Iris.iOS.debug.xcconfig */,
				548BB03637E4D6DF41C90836 /* Pods-Iris.iOS.release.xcconfig */,
			);
			name = Pods;
			sourceTree = "<group>";
		};
		EB05685F224334C300899DCE /* Resource */ = {
			isa = PBXGroup;
			children = (
				EB6642AD229285E200FE71B6 /* art-categories.json */,
				EB056860224334D800899DCE /* Fonts */,
			);
			path = Resource;
			sourceTree = "<group>";
		};
		EB056860224334D800899DCE /* Fonts */ = {
			isa = PBXGroup;
			children = (
				EB267C43228C020F004979AC /* Lora-Regular.ttf */,
				EB056861224334F300899DCE /* AvenirLTStd-Roman.otf */,
				EB056862224334FE00899DCE /* AvenirLTStd-Book.otf */,
				EB05686D224616FD00899DCE /* Apple Symbols.ttf */,
			);
			path = Fonts;
			sourceTree = "<group>";
		};
		EB0568652244C70600899DCE /* Extensions */ = {
			isa = PBXGroup;
			children = (
				EB74337122F9B491002884BB /* ImageWithColorExtension.swift */,
				EBBA85722307CD31009E0A7D /* JSONDateExtension.swift */,
				EB0568692245DC6C00899DCE /* SketchShadow.swift */,
				EB0568662244C78700899DCE /* GradientBorder.swift */,
				EB05686B2245E6AE00899DCE /* GradientBackground.swift */,
			);
			path = Extensions;
			sourceTree = "<group>";
		};
		EB0568682245DBA900899DCE /* Functions */ = {
			isa = PBXGroup;
			children = (
				EBA0323C22FB10490084B92F /* JSONObjectHandler.swift */,
				EB39BAB722F6A5460022ACDB /* AlamofireManager.swift */,
				EBD688C022FBFF9F0001D711 /* UICollectionViewReloadCallBackExtension.swift */,
				EB6642A3228FF39F00FE71B6 /* CollectionMasonryViewLayout.swift */,
				EB39BAB522F6A0E00022ACDB /* RequestAnalyzer.swift */,
				EB39BAB922F6BCD60022ACDB /* DeviantArtManager.swift */,
				EBF31DEE2302F74C003BC6CC /* DeviationHandler.swift */,
				EB39BABB22F6BEEE0022ACDB /* ApplicationKey.swift */,
				EB267C38228A9A0E004979AC /* XibUIView.swift */,
			);
			path = Functions;
			sourceTree = "<group>";
		};
		EB188A7B22FA9D2100524B77 /* Protocols */ = {
			isa = PBXGroup;
			children = (
				EB188A7922FA9D0300524B77 /* ObjectDictionaryProtocols.swift */,
				EBA0323A22FAEE1C0084B92F /* JSONObjectProtocols.swift */,
			);
			path = Protocols;
			sourceTree = "<group>";
		};
		EB267C32228A8DDC004979AC /* Views */ = {
			isa = PBXGroup;
			children = (
				EB39BAB222F5CA400022ACDB /* Shared */,
				EB39BAA622F5C95D0022ACDB /* Login */,
				EB39BAA722F5C96D0022ACDB /* Daily */,
				EB39BAA822F5C9790022ACDB /* Explore */,
				EB39BAA922F5C98D0022ACDB /* ArtList */,
				EB39BAAA22F5C9940022ACDB /* Activity */,
				EB39BAAB22F5C99D0022ACDB /* ArtDetail */,
				EB39BAAC22F5C9B60022ACDB /* UserCenterGallery */,
				EB39BAAD22F5C9C70022ACDB /* UserCenterJournal */,
				EB39BAAE22F5C9D60022ACDB /* UserCenterStatus */,
				EB39BAAF22F5C9DD0022ACDB /* UserCenterFavorite */,
				EB39BAB022F5C9E70022ACDB /* UserCenterFollower */,
				EB39BAB122F5C9EF0022ACDB /* UserCenterComment */,
			);
			path = Views;
			sourceTree = "<group>";
		};
		EB267C33228A8DEB004979AC /* ViewContollers */ = {
			isa = PBXGroup;
			children = (
				EB488B5822431F8400AC925F /* LoginViewController.swift */,
				EB267C3A228AA092004979AC /* DailyViewController.swift */,
				EB267C41228BEB06004979AC /* ExploreViewController.swift */,
				EB66429F228FD1BB00FE71B6 /* ArtListViewController.swift */,
				EBB63AF5229A5ED200F789BD /* ArtDetailViewController.swift */,
				EB6642B82293EA1C00FE71B6 /* ActivityViewController.swift */,
				EBB63B3D229EB92500F789BD /* UserCenterGalleryViewController.swift */,
				EB9CC18522C64E5C00F665BD /* UserCenterJournalViewController.swift */,
				EBF3487222CD8ECB001A4793 /* UserCenterStatusViewController.swift */,
				EB40B33F22D5BC0400E75C9B /* UserCenterFavoriateViewController.swift */,
				EBAE40E122EEE72E008425A2 /* UserCenterFollowerViewController.swift */,
				EB48B5E222EF269E00F60F15 /* UserCenterCommentViewController.swift */,
				EB1E9E2D22F80CCC0095FDA9 /* MainTabBarController.swift */,
				EBCB4076230BBDD500CD3430 /* UserCetnerTabBarController.swift */,
			);
			path = ViewContollers;
			sourceTree = "<group>";
		};
		EB267C34228A8DF5004979AC /* Models */ = {
			isa = PBXGroup;
			children = (
				EB39BABD22F6D5A50022ACDB /* ActiveUserInfo.swift */,
				EB39BAB322F5D6E80022ACDB /* UserInfo.swift */,
				EBF31DEA2302BBF3003BC6CC /* Deviation.swift */,
				EBF31DF023039F79003BC6CC /* DeviationCategory.swift */,
				EBBA85702307C4A3009E0A7D /* DeviationComment.swift */,
				EBBA857E23093C32009E0A7D /* DailyDeviation.swift */,
				EBFF775F2309AA2800FC6012 /* DeviantArtNotification.swift */,
			);
			path = Models;
			sourceTree = "<group>";
		};
		EB39BAA622F5C95D0022ACDB /* Login */ = {
			isa = PBXGroup;
			children = (
			);
			path = Login;
			sourceTree = "<group>";
		};
		EB39BAA722F5C96D0022ACDB /* Daily */ = {
			isa = PBXGroup;
			children = (
				EBBA857A230920B0009E0A7D /* DailyTableViewDateTableViewCell.swift */,
				EBBA857B230920B0009E0A7D /* DailyTableViewDateTableViewCell.xib */,
				EB267C3C228AA7CF004979AC /* DailyTableViewPostTableViewCell.swift */,
				EB267C3D228AA7CF004979AC /* DailyTableViewPostTableViewCell.xib */,
			);
			path = Daily;
			sourceTree = "<group>";
		};
		EB39BAA822F5C9790022ACDB /* Explore */ = {
			isa = PBXGroup;
			children = (
			);
			path = Explore;
			sourceTree = "<group>";
		};
		EB39BAA922F5C98D0022ACDB /* ArtList */ = {
			isa = PBXGroup;
			children = (
				EB6642A5228FF8A000FE71B6 /* ArtListCollectionViewCell.swift */,
				EB6642A6228FF8A000FE71B6 /* ArtListCollectionViewCell.xib */,
				EB6642AF22929B8F00FE71B6 /* CategorySelectorTableViewCell.swift */,
				EB6642B022929B8F00FE71B6 /* CategorySelectorTableViewCell.xib */,
			);
			path = ArtList;
			sourceTree = "<group>";
		};
		EB39BAAA22F5C9940022ACDB /* Activity */ = {
			isa = PBXGroup;
			children = (
				EB1E9E2922F805F70095FDA9 /* MainBottomTabBar.swift */,
				EB1E9E2B22F808B20095FDA9 /* MainBottomTabBar.xib */,
				EB2A98262296E08000977FC8 /* ActivityTableViewCommentCell.swift */,
				EB2A98282296E09200977FC8 /* ActivityTableViewCommentCell.xib */,
				EB6642B42293BFBD00FE71B6 /* ActivityTableViewNormalCell.swift */,
				EB6642B52293BFBD00FE71B6 /* ActivityTableViewNormalCell.xib */,
			);
			path = Activity;
			sourceTree = "<group>";
		};
		EB39BAAB22F5C99D0022ACDB /* ArtDetail */ = {
			isa = PBXGroup;
			children = (
				EBB63AED229921C600F789BD /* ArtDetailTableViewCommentTableViewCell.swift */,
				EBB63AEE229921C600F789BD /* ArtDetailTableViewCommentTableViewCell.xib */,
				EBB63AF1229A5A5900F789BD /* ArtDetailTableViewSubCommentTableViewCell.swift */,
				EBB63AF3229A5A6600F789BD /* ArtDetailTableViewSubCommentTableViewCell.xib */,
			);
			path = ArtDetail;
			sourceTree = "<group>";
		};
		EB39BAAC22F5C9B60022ACDB /* UserCenterGallery */ = {
			isa = PBXGroup;
			children = (
				EBB63B39229EB3D200F789BD /* UserCenterGalleryTableViewCell.swift */,
				EBB63B3A229EB3D200F789BD /* UserCenterGalleryTableViewCell.xib */,
			);
			path = UserCenterGallery;
			sourceTree = "<group>";
		};
		EB39BAAD22F5C9C70022ACDB /* UserCenterJournal */ = {
			isa = PBXGroup;
			children = (
				EB9CC18122C64D3E00F665BD /* UserCenterJournalTableViewCell.swift */,
				EB9CC18222C64D3E00F665BD /* UserCenterJournalTableViewCell.xib */,
			);
			path = UserCenterJournal;
			sourceTree = "<group>";
		};
		EB39BAAE22F5C9D60022ACDB /* UserCenterStatus */ = {
			isa = PBXGroup;
			children = (
				EBF3488022CDC562001A4793 /* UserCenterStatusHeaderView.swift */,
				EBF3488222CDC579001A4793 /* UserCenterStatusHeaderView.xib */,
				EBF3487622CD8F6F001A4793 /* UserCenterStatusTableViewCell.swift */,
				EBF3487422CD8F60001A4793 /* UserCenterStatusTableViewCell.xib */,
			);
			path = UserCenterStatus;
			sourceTree = "<group>";
		};
		EB39BAAF22F5C9DD0022ACDB /* UserCenterFavorite */ = {
			isa = PBXGroup;
			children = (
				EB40B34322D5BDAB00E75C9B /* UserCenterFavoriteTableViewCell.swift */,
				EB40B34122D5BD9400E75C9B /* UserCenterFavoriteTableViewCell.xib */,
			);
			path = UserCenterFavorite;
			sourceTree = "<group>";
		};
		EB39BAB022F5C9E70022ACDB /* UserCenterFollower */ = {
			isa = PBXGroup;
			children = (
				EBAE40E322EEE7A7008425A2 /* UserCenterFollowerTableViewCell.swift */,
				EBAE40E522EEE7B5008425A2 /* UserCenterFollowerTableViewCell.xib */,
			);
			path = UserCenterFollower;
			sourceTree = "<group>";
		};
		EB39BAB122F5C9EF0022ACDB /* UserCenterComment */ = {
			isa = PBXGroup;
			children = (
				EB48B5DA22EF1D3500F60F15 /* UserCenterCommentHeaderTableViewCell.swift */,
				EB48B5DC22EF1D4600F60F15 /* UserCenterCommentHeaderTableViewCell.xib */,
				EB48B5E022EF20D900F60F15 /* UserCenterCommentHeaderStackViewSubview.swift */,
				EB48B5DE22EF20B100F60F15 /* UserCenterCommentHeaderStackViewSubview.xib */,
				EB48B5E622EF662E00F60F15 /* UserCenterCommentReplyStackViewSubview.swift */,
				EB48B5E422EF661E00F60F15 /* UserCenterCommentReplyStackViewSubview.xib */,
			);
			path = UserCenterComment;
			sourceTree = "<group>";
		};
		EB39BAB222F5CA400022ACDB /* Shared */ = {
			isa = PBXGroup;
			children = (
				EBB63AFB229D457300F789BD /* UserCenterNavigationView.xib */,
				EBB63AFD229D48CA00F789BD /* UserCenterNavigationView.swift */,
				EBB63B01229D495C00F789BD /* UserCenterContentSwitchView.xib */,
				EBB63AFF229D493F00F789BD /* UserCenterContentSwitchView.swift */,
				EBB63AF7229D1C1F00F789BD /* UserInfoView.xib */,
				EBB63AF9229D43E700F789BD /* UserInfoView.swift */,
				EB267C36228A99E8004979AC /* MainTabBar.swift */,
				EB267C30228A857C004979AC /* MainTabBar.xib */,
				EB6642A9229280F000FE71B6 /* TreeStructureView.swift */,
				EB6642AB2292810200FE71B6 /* TreeStructureView.xib */,
			);
			path = Shared;
			sourceTree = "<group>";
		};
		EB488B4A22431F8400AC925F = {
			isa = PBXGroup;
			children = (
				EB488B5522431F8400AC925F /* Iris.iOS */,
				EB488B5422431F8400AC925F /* Products */,
				933B5870148FF97E5869BE84 /* Pods */,
				FAC5FAC4AE30CBFB2DE8E880 /* Frameworks */,
			);
			sourceTree = "<group>";
		};
		EB488B5422431F8400AC925F /* Products */ = {
			isa = PBXGroup;
			children = (
				EB488B5322431F8400AC925F /* Iris.iOS.app */,
			);
			name = Products;
			sourceTree = "<group>";
		};
		EB488B5522431F8400AC925F /* Iris.iOS */ = {
			isa = PBXGroup;
			children = (
				EB66429B228FC76B00FE71B6 /* Assets.xcassets */,
				EBFF775E2309A78900FC6012 /* Enums */,
				EB267C34228A8DF5004979AC /* Models */,
				EB267C33228A8DEB004979AC /* ViewContollers */,
				EB267C32228A8DDC004979AC /* Views */,
				EB0568682245DBA900899DCE /* Functions */,
				EB0568652244C70600899DCE /* Extensions */,
				EB05685F224334C300899DCE /* Resource */,
				EB188A7B22FA9D2100524B77 /* Protocols */,
				EB488B5A22431F8400AC925F /* Main.storyboard */,
				EB488B5622431F8400AC925F /* AppDelegate.swift */,
				EB488B5F22431F8700AC925F /* LaunchScreen.storyboard */,
				EB488B6222431F8700AC925F /* Info.plist */,
			);
			path = Iris.iOS;
			sourceTree = "<group>";
		};
		EBFF775E2309A78900FC6012 /* Enums */ = {
			isa = PBXGroup;
			children = (
				EBF31DEC2302E827003BC6CC /* ArtListOrderEnum.swift */,
				EBFF775C2309A5BB00FC6012 /* NotificationTypeEnum.swift */,
			);
			path = Enums;
			sourceTree = "<group>";
		};
		FAC5FAC4AE30CBFB2DE8E880 /* Frameworks */ = {
			isa = PBXGroup;
			children = (
				D2F4B3EDEED8E5F8E5DA0127 /* Pods_Iris_iOS.framework */,
			);
			name = Frameworks;
			sourceTree = "<group>";
		};
/* End PBXGroup section */

/* Begin PBXNativeTarget section */
		EB488B5222431F8400AC925F /* Iris.iOS */ = {
			isa = PBXNativeTarget;
			buildConfigurationList = EB488B6522431F8700AC925F /* Build configuration list for PBXNativeTarget "Iris.iOS" */;
			buildPhases = (
				7C2D724A02FF2ED8EADECF77 /* [CP] Check Pods Manifest.lock */,
				EB488B4F22431F8400AC925F /* Sources */,
				EB488B5022431F8400AC925F /* Frameworks */,
				EB488B5122431F8400AC925F /* Resources */,
				FB626D734BDA9D9894C4FF37 /* [CP] Embed Pods Frameworks */,
			);
			buildRules = (
			);
			dependencies = (
			);
			name = Iris.iOS;
			productName = Iris.iOS;
			productReference = EB488B5322431F8400AC925F /* Iris.iOS.app */;
			productType = "com.apple.product-type.application";
		};
/* End PBXNativeTarget section */

/* Begin PBXProject section */
		EB488B4B22431F8400AC925F /* Project object */ = {
			isa = PBXProject;
			attributes = {
				LastSwiftUpdateCheck = 1010;
				LastUpgradeCheck = 1010;
				ORGANIZATIONNAME = Conceptual;
				TargetAttributes = {
					EB488B5222431F8400AC925F = {
						CreatedOnToolsVersion = 10.1;
						LastSwiftMigration = 1020;
					};
				};
			};
			buildConfigurationList = EB488B4E22431F8400AC925F /* Build configuration list for PBXProject "Iris.iOS" */;
			compatibilityVersion = "Xcode 9.3";
			developmentRegion = en;
			hasScannedForEncodings = 0;
			knownRegions = (
				en,
				Base,
			);
			mainGroup = EB488B4A22431F8400AC925F;
			productRefGroup = EB488B5422431F8400AC925F /* Products */;
			projectDirPath = "";
			projectRoot = "";
			targets = (
				EB488B5222431F8400AC925F /* Iris.iOS */,
			);
		};
/* End PBXProject section */

/* Begin PBXResourcesBuildPhase section */
		EB488B5122431F8400AC925F /* Resources */ = {
			isa = PBXResourcesBuildPhase;
			buildActionMask = 2147483647;
			files = (
				EBB63B3C229EB3D200F789BD /* UserCenterGalleryTableViewCell.xib in Resources */,
				EBB63AF4229A5A6600F789BD /* ArtDetailTableViewSubCommentTableViewCell.xib in Resources */,
				EB267C40228AD9F5004979AC /* DailyTableViewPostTableViewCell.xib in Resources */,
				EBBA857D230920B0009E0A7D /* DailyTableViewDateTableViewCell.xib in Resources */,
				EB40B34222D5BD9400E75C9B /* UserCenterFavoriteTableViewCell.xib in Resources */,
				EB2A98292296E09200977FC8 /* ActivityTableViewCommentCell.xib in Resources */,
				EB488B5C22431F8400AC925F /* Main.storyboard in Resources */,
				EB48B5DD22EF1D4600F60F15 /* UserCenterCommentHeaderTableViewCell.xib in Resources */,
				EBB63B02229D495C00F789BD /* UserCenterContentSwitchView.xib in Resources */,
				EB9CC18422C64D3E00F665BD /* UserCenterJournalTableViewCell.xib in Resources */,
				EB6642AC2292810200FE71B6 /* TreeStructureView.xib in Resources */,
				EB488B6122431F8700AC925F /* LaunchScreen.storyboard in Resources */,
				EB1E9E2C22F808B20095FDA9 /* MainBottomTabBar.xib in Resources */,
				EB267C31228A857C004979AC /* MainTabBar.xib in Resources */,
				EB6642AE229285E200FE71B6 /* art-categories.json in Resources */,
				EBB63AFC229D457300F789BD /* UserCenterNavigationView.xib in Resources */,
				EB267C44228C020F004979AC /* Lora-Regular.ttf in Resources */,
				EB6642B222929B8F00FE71B6 /* CategorySelectorTableViewCell.xib in Resources */,
				EBF3488322CDC579001A4793 /* UserCenterStatusHeaderView.xib in Resources */,
				EBF3487522CD8F60001A4793 /* UserCenterStatusTableViewCell.xib in Resources */,
				EB05686322433F5800899DCE /* AvenirLTStd-Roman.otf in Resources */,
				EB48B5E522EF661E00F60F15 /* UserCenterCommentReplyStackViewSubview.xib in Resources */,
				EB6642A8228FF8A000FE71B6 /* ArtListCollectionViewCell.xib in Resources */,
				EB05686422433F5F00899DCE /* AvenirLTStd-Book.otf in Resources */,
				EB66429C228FC76B00FE71B6 /* Assets.xcassets in Resources */,
				EB05686E224616FD00899DCE /* Apple Symbols.ttf in Resources */,
				EB48B5DF22EF20B100F60F15 /* UserCenterCommentHeaderStackViewSubview.xib in Resources */,
				EBB63AF8229D1C1F00F789BD /* UserInfoView.xib in Resources */,
				EBAE40E622EEE7B5008425A2 /* UserCenterFollowerTableViewCell.xib in Resources */,
				EBB63AF0229921C600F789BD /* ArtDetailTableViewCommentTableViewCell.xib in Resources */,
				EB6642B72293BFBD00FE71B6 /* ActivityTableViewNormalCell.xib in Resources */,
			);
			runOnlyForDeploymentPostprocessing = 0;
		};
/* End PBXResourcesBuildPhase section */

/* Begin PBXShellScriptBuildPhase section */
		7C2D724A02FF2ED8EADECF77 /* [CP] Check Pods Manifest.lock */ = {
			isa = PBXShellScriptBuildPhase;
			buildActionMask = 2147483647;
			files = (
			);
			inputFileListPaths = (
			);
			inputPaths = (
				"${PODS_PODFILE_DIR_PATH}/Podfile.lock",
				"${PODS_ROOT}/Manifest.lock",
			);
			name = "[CP] Check Pods Manifest.lock";
			outputFileListPaths = (
			);
			outputPaths = (
				"$(DERIVED_FILE_DIR)/Pods-Iris.iOS-checkManifestLockResult.txt",
			);
			runOnlyForDeploymentPostprocessing = 0;
			shellPath = /bin/sh;
			shellScript = "diff \"${PODS_PODFILE_DIR_PATH}/Podfile.lock\" \"${PODS_ROOT}/Manifest.lock\" > /dev/null\nif [ $? != 0 ] ; then\n    # print error to STDERR\n    echo \"error: The sandbox is not in sync with the Podfile.lock. Run 'pod install' or update your CocoaPods installation.\" >&2\n    exit 1\nfi\n# This output is used by Xcode 'outputs' to avoid re-running this script phase.\necho \"SUCCESS\" > \"${SCRIPT_OUTPUT_FILE_0}\"\n";
			showEnvVarsInLog = 0;
		};
		FB626D734BDA9D9894C4FF37 /* [CP] Embed Pods Frameworks */ = {
			isa = PBXShellScriptBuildPhase;
			buildActionMask = 2147483647;
			files = (
			);
			inputFileListPaths = (
			);
			inputPaths = (
				"${SRCROOT}/Pods/Target Support Files/Pods-Iris.iOS/Pods-Iris.iOS-frameworks.sh",
				"${BUILT_PRODUCTS_DIR}/Alamofire/Alamofire.framework",
				"${BUILT_PRODUCTS_DIR}/NVActivityIndicatorView/NVActivityIndicatorView.framework",
				"${BUILT_PRODUCTS_DIR}/SwiftyJSON/SwiftyJSON.framework",
				"${BUILT_PRODUCTS_DIR}/TwicketSegmentedControl/TwicketSegmentedControl.framework",
			);
			name = "[CP] Embed Pods Frameworks";
			outputFileListPaths = (
			);
			outputPaths = (
				"${TARGET_BUILD_DIR}/${FRAMEWORKS_FOLDER_PATH}/Alamofire.framework",
				"${TARGET_BUILD_DIR}/${FRAMEWORKS_FOLDER_PATH}/NVActivityIndicatorView.framework",
				"${TARGET_BUILD_DIR}/${FRAMEWORKS_FOLDER_PATH}/SwiftyJSON.framework",
				"${TARGET_BUILD_DIR}/${FRAMEWORKS_FOLDER_PATH}/TwicketSegmentedControl.framework",
			);
			runOnlyForDeploymentPostprocessing = 0;
			shellPath = /bin/sh;
			shellScript = "\"${SRCROOT}/Pods/Target Support Files/Pods-Iris.iOS/Pods-Iris.iOS-frameworks.sh\"\n";
			showEnvVarsInLog = 0;
		};
/* End PBXShellScriptBuildPhase section */

/* Begin PBXSourcesBuildPhase section */
		EB488B4F22431F8400AC925F /* Sources */ = {
			isa = PBXSourcesBuildPhase;
			buildActionMask = 2147483647;
			files = (
				EB267C3E228AA7CF004979AC /* DailyTableViewPostTableViewCell.swift in Sources */,
				EBF31DED2302E827003BC6CC /* ArtListOrderEnum.swift in Sources */,
				EB267C37228A99E8004979AC /* MainTabBar.swift in Sources */,
				EBFF775D2309A5BB00FC6012 /* NotificationTypeEnum.swift in Sources */,
				EB40B34022D5BC0400E75C9B /* UserCenterFavoriateViewController.swift in Sources */,
				EB74337222F9B491002884BB /* ImageWithColorExtension.swift in Sources */,
				EBB63AF6229A5ED200F789BD /* ArtDetailViewController.swift in Sources */,
				EB2A98272296E08000977FC8 /* ActivityTableViewCommentCell.swift in Sources */,
				EB267C42228BEB06004979AC /* ExploreViewController.swift in Sources */,
				EBAE40E422EEE7A7008425A2 /* UserCenterFollowerTableViewCell.swift in Sources */,
				EBAE40E222EEE72E008425A2 /* UserCenterFollowerViewController.swift in Sources */,
				EB488B5922431F8400AC925F /* LoginViewController.swift in Sources */,
				EB6642B92293EA1C00FE71B6 /* ActivityViewController.swift in Sources */,
				EBBA857C230920B0009E0A7D /* DailyTableViewDateTableViewCell.swift in Sources */,
				EB6642AA229280F000FE71B6 /* TreeStructureView.swift in Sources */,
				EB05686A2245DC6C00899DCE /* SketchShadow.swift in Sources */,
				EBB63AFA229D43E700F789BD /* UserInfoView.swift in Sources */,
				EB39BAB622F6A0E00022ACDB /* RequestAnalyzer.swift in Sources */,
				EB0568672244C78700899DCE /* GradientBorder.swift in Sources */,
				EB1E9E2E22F80CCC0095FDA9 /* MainTabBarController.swift in Sources */,
				EBA0323D22FB10490084B92F /* JSONObjectHandler.swift in Sources */,
				EBB63B3B229EB3D200F789BD /* UserCenterGalleryTableViewCell.swift in Sources */,
				EBB63AEF229921C600F789BD /* ArtDetailTableViewCommentTableViewCell.swift in Sources */,
				EBF31DEF2302F74C003BC6CC /* DeviationHandler.swift in Sources */,
				EBB63B00229D493F00F789BD /* UserCenterContentSwitchView.swift in Sources */,
				EB6642A4228FF39F00FE71B6 /* CollectionMasonryViewLayout.swift in Sources */,
				EBB63AF2229A5A5900F789BD /* ArtDetailTableViewSubCommentTableViewCell.swift in Sources */,
				EB9CC18322C64D3E00F665BD /* UserCenterJournalTableViewCell.swift in Sources */,
				EB6642A0228FD1BB00FE71B6 /* ArtListViewController.swift in Sources */,
				EBD688C122FBFF9F0001D711 /* UICollectionViewReloadCallBackExtension.swift in Sources */,
				EB488B5722431F8400AC925F /* AppDelegate.swift in Sources */,
				EB39BABE22F6D5A50022ACDB /* ActiveUserInfo.swift in Sources */,
				EBF31DEB2302BBF3003BC6CC /* Deviation.swift in Sources */,
				EB48B5E322EF269E00F60F15 /* UserCenterCommentViewController.swift in Sources */,
				EBBA857F23093C32009E0A7D /* DailyDeviation.swift in Sources */,
				EBF3487322CD8ECB001A4793 /* UserCenterStatusViewController.swift in Sources */,
				EBFF77602309AA2800FC6012 /* DeviantArtNotification.swift in Sources */,
				EB6642B122929B8F00FE71B6 /* CategorySelectorTableViewCell.swift in Sources */,
				EB05686C2245E6AE00899DCE /* GradientBackground.swift in Sources */,
				EB267C3B228AA092004979AC /* DailyViewController.swift in Sources */,
				EB1E9E2A22F805F70095FDA9 /* MainBottomTabBar.swift in Sources */,
				EB39BABC22F6BEEE0022ACDB /* ApplicationKey.swift in Sources */,
				EB9CC18622C64E5C00F665BD /* UserCenterJournalViewController.swift in Sources */,
				EB39BAB422F5D6E80022ACDB /* UserInfo.swift in Sources */,
				EB48B5E122EF20D900F60F15 /* UserCenterCommentHeaderStackViewSubview.swift in Sources */,
				EBB63AFE229D48CA00F789BD /* UserCenterNavigationView.swift in Sources */,
				EBF3488122CDC562001A4793 /* UserCenterStatusHeaderView.swift in Sources */,
				EBF3487722CD8F6F001A4793 /* UserCenterStatusTableViewCell.swift in Sources */,
				EB48B5DB22EF1D3500F60F15 /* UserCenterCommentHeaderTableViewCell.swift in Sources */,
				EBBA85712307C4A3009E0A7D /* DeviationComment.swift in Sources */,
				EB267C39228A9A0E004979AC /* XibUIView.swift in Sources */,
				EBBA85732307CD31009E0A7D /* JSONDateExtension.swift in Sources */,
				EB40B34422D5BDAB00E75C9B /* UserCenterFavoriteTableViewCell.swift in Sources */,
				EB188A7A22FA9D0400524B77 /* ObjectDictionaryProtocols.swift in Sources */,
				EB6642B62293BFBD00FE71B6 /* ActivityTableViewNormalCell.swift in Sources */,
				EBF31DF123039F79003BC6CC /* DeviationCategory.swift in Sources */,
				EB39BABA22F6BCD60022ACDB /* DeviantArtManager.swift in Sources */,
				EB6642A7228FF8A000FE71B6 /* ArtListCollectionViewCell.swift in Sources */,
				EBB63B3E229EB92500F789BD /* UserCenterGalleryViewController.swift in Sources */,
				EBA0323B22FAEE1C0084B92F /* JSONObjectProtocols.swift in Sources */,
				EB39BAB822F6A5460022ACDB /* AlamofireManager.swift in Sources */,
				EBCB4077230BBDD500CD3430 /* UserCetnerTabBarController.swift in Sources */,
				EB48B5E722EF662E00F60F15 /* UserCenterCommentReplyStackViewSubview.swift in Sources */,
			);
			runOnlyForDeploymentPostprocessing = 0;
		};
/* End PBXSourcesBuildPhase section */

/* Begin PBXVariantGroup section */
		EB488B5A22431F8400AC925F /* Main.storyboard */ = {
			isa = PBXVariantGroup;
			children = (
				EB488B5B22431F8400AC925F /* Base */,
			);
			name = Main.storyboard;
			sourceTree = "<group>";
		};
		EB488B5F22431F8700AC925F /* LaunchScreen.storyboard */ = {
			isa = PBXVariantGroup;
			children = (
				EB488B6022431F8700AC925F /* Base */,
			);
			name = LaunchScreen.storyboard;
			sourceTree = "<group>";
		};
/* End PBXVariantGroup section */

/* Begin XCBuildConfiguration section */
		EB488B6322431F8700AC925F /* Debug */ = {
			isa = XCBuildConfiguration;
			buildSettings = {
				ALWAYS_SEARCH_USER_PATHS = NO;
				CLANG_ANALYZER_NONNULL = YES;
				CLANG_ANALYZER_NUMBER_OBJECT_CONVERSION = YES_AGGRESSIVE;
				CLANG_CXX_LANGUAGE_STANDARD = "gnu++14";
				CLANG_CXX_LIBRARY = "libc++";
				CLANG_ENABLE_MODULES = YES;
				CLANG_ENABLE_OBJC_ARC = YES;
				CLANG_ENABLE_OBJC_WEAK = YES;
				CLANG_WARN_BLOCK_CAPTURE_AUTORELEASING = YES;
				CLANG_WARN_BOOL_CONVERSION = YES;
				CLANG_WARN_COMMA = YES;
				CLANG_WARN_CONSTANT_CONVERSION = YES;
				CLANG_WARN_DEPRECATED_OBJC_IMPLEMENTATIONS = YES;
				CLANG_WARN_DIRECT_OBJC_ISA_USAGE = YES_ERROR;
				CLANG_WARN_DOCUMENTATION_COMMENTS = YES;
				CLANG_WARN_EMPTY_BODY = YES;
				CLANG_WARN_ENUM_CONVERSION = YES;
				CLANG_WARN_INFINITE_RECURSION = YES;
				CLANG_WARN_INT_CONVERSION = YES;
				CLANG_WARN_NON_LITERAL_NULL_CONVERSION = YES;
				CLANG_WARN_OBJC_IMPLICIT_RETAIN_SELF = YES;
				CLANG_WARN_OBJC_LITERAL_CONVERSION = YES;
				CLANG_WARN_OBJC_ROOT_CLASS = YES_ERROR;
				CLANG_WARN_RANGE_LOOP_ANALYSIS = YES;
				CLANG_WARN_STRICT_PROTOTYPES = YES;
				CLANG_WARN_SUSPICIOUS_MOVE = YES;
				CLANG_WARN_UNGUARDED_AVAILABILITY = YES_AGGRESSIVE;
				CLANG_WARN_UNREACHABLE_CODE = YES;
				CLANG_WARN__DUPLICATE_METHOD_MATCH = YES;
				CODE_SIGN_IDENTITY = "iPhone Developer";
				COPY_PHASE_STRIP = NO;
				DEBUG_INFORMATION_FORMAT = dwarf;
				ENABLE_STRICT_OBJC_MSGSEND = YES;
				ENABLE_TESTABILITY = YES;
				GCC_C_LANGUAGE_STANDARD = gnu11;
				GCC_DYNAMIC_NO_PIC = NO;
				GCC_NO_COMMON_BLOCKS = YES;
				GCC_OPTIMIZATION_LEVEL = 0;
				GCC_PREPROCESSOR_DEFINITIONS = (
					"DEBUG=1",
					"$(inherited)",
				);
				GCC_WARN_64_TO_32_BIT_CONVERSION = YES;
				GCC_WARN_ABOUT_RETURN_TYPE = YES_ERROR;
				GCC_WARN_UNDECLARED_SELECTOR = YES;
				GCC_WARN_UNINITIALIZED_AUTOS = YES_AGGRESSIVE;
				GCC_WARN_UNUSED_FUNCTION = YES;
				GCC_WARN_UNUSED_VARIABLE = YES;
				IPHONEOS_DEPLOYMENT_TARGET = 12.1;
				MTL_ENABLE_DEBUG_INFO = INCLUDE_SOURCE;
				MTL_FAST_MATH = YES;
				ONLY_ACTIVE_ARCH = YES;
				SDKROOT = iphoneos;
				SWIFT_ACTIVE_COMPILATION_CONDITIONS = DEBUG;
				SWIFT_OPTIMIZATION_LEVEL = "-Onone";
			};
			name = Debug;
		};
		EB488B6422431F8700AC925F /* Release */ = {
			isa = XCBuildConfiguration;
			buildSettings = {
				ALWAYS_SEARCH_USER_PATHS = NO;
				CLANG_ANALYZER_NONNULL = YES;
				CLANG_ANALYZER_NUMBER_OBJECT_CONVERSION = YES_AGGRESSIVE;
				CLANG_CXX_LANGUAGE_STANDARD = "gnu++14";
				CLANG_CXX_LIBRARY = "libc++";
				CLANG_ENABLE_MODULES = YES;
				CLANG_ENABLE_OBJC_ARC = YES;
				CLANG_ENABLE_OBJC_WEAK = YES;
				CLANG_WARN_BLOCK_CAPTURE_AUTORELEASING = YES;
				CLANG_WARN_BOOL_CONVERSION = YES;
				CLANG_WARN_COMMA = YES;
				CLANG_WARN_CONSTANT_CONVERSION = YES;
				CLANG_WARN_DEPRECATED_OBJC_IMPLEMENTATIONS = YES;
				CLANG_WARN_DIRECT_OBJC_ISA_USAGE = YES_ERROR;
				CLANG_WARN_DOCUMENTATION_COMMENTS = YES;
				CLANG_WARN_EMPTY_BODY = YES;
				CLANG_WARN_ENUM_CONVERSION = YES;
				CLANG_WARN_INFINITE_RECURSION = YES;
				CLANG_WARN_INT_CONVERSION = YES;
				CLANG_WARN_NON_LITERAL_NULL_CONVERSION = YES;
				CLANG_WARN_OBJC_IMPLICIT_RETAIN_SELF = YES;
				CLANG_WARN_OBJC_LITERAL_CONVERSION = YES;
				CLANG_WARN_OBJC_ROOT_CLASS = YES_ERROR;
				CLANG_WARN_RANGE_LOOP_ANALYSIS = YES;
				CLANG_WARN_STRICT_PROTOTYPES = YES;
				CLANG_WARN_SUSPICIOUS_MOVE = YES;
				CLANG_WARN_UNGUARDED_AVAILABILITY = YES_AGGRESSIVE;
				CLANG_WARN_UNREACHABLE_CODE = YES;
				CLANG_WARN__DUPLICATE_METHOD_MATCH = YES;
				CODE_SIGN_IDENTITY = "iPhone Developer";
				COPY_PHASE_STRIP = NO;
				DEBUG_INFORMATION_FORMAT = "dwarf-with-dsym";
				ENABLE_NS_ASSERTIONS = NO;
				ENABLE_STRICT_OBJC_MSGSEND = YES;
				GCC_C_LANGUAGE_STANDARD = gnu11;
				GCC_NO_COMMON_BLOCKS = YES;
				GCC_WARN_64_TO_32_BIT_CONVERSION = YES;
				GCC_WARN_ABOUT_RETURN_TYPE = YES_ERROR;
				GCC_WARN_UNDECLARED_SELECTOR = YES;
				GCC_WARN_UNINITIALIZED_AUTOS = YES_AGGRESSIVE;
				GCC_WARN_UNUSED_FUNCTION = YES;
				GCC_WARN_UNUSED_VARIABLE = YES;
				IPHONEOS_DEPLOYMENT_TARGET = 12.1;
				MTL_ENABLE_DEBUG_INFO = NO;
				MTL_FAST_MATH = YES;
				SDKROOT = iphoneos;
				SWIFT_COMPILATION_MODE = wholemodule;
				SWIFT_OPTIMIZATION_LEVEL = "-O";
				VALIDATE_PRODUCT = YES;
			};
			name = Release;
		};
		EB488B6622431F8700AC925F /* Debug */ = {
			isa = XCBuildConfiguration;
			baseConfigurationReference = AD33E770E572DAAF7F747AAD /* Pods-Iris.iOS.debug.xcconfig */;
			buildSettings = {
				ASSETCATALOG_COMPILER_APPICON_NAME = AppIcon;
				CODE_SIGN_STYLE = Automatic;
				DEVELOPMENT_TEAM = J25N7959VU;
				INFOPLIST_FILE = Iris.iOS/Info.plist;
				LD_RUNPATH_SEARCH_PATHS = (
					"$(inherited)",
					"@executable_path/Frameworks",
				);
				PRODUCT_BUNDLE_IDENTIFIER = "com.RoseAndCage.Iris-iOS";
				PRODUCT_NAME = "$(TARGET_NAME)";
				SWIFT_VERSION = 5.0;
				TARGETED_DEVICE_FAMILY = "1,2";
			};
			name = Debug;
		};
		EB488B6722431F8700AC925F /* Release */ = {
			isa = XCBuildConfiguration;
			baseConfigurationReference = 548BB03637E4D6DF41C90836 /* Pods-Iris.iOS.release.xcconfig */;
			buildSettings = {
				ASSETCATALOG_COMPILER_APPICON_NAME = AppIcon;
				CODE_SIGN_STYLE = Automatic;
				DEVELOPMENT_TEAM = J25N7959VU;
				INFOPLIST_FILE = Iris.iOS/Info.plist;
				LD_RUNPATH_SEARCH_PATHS = (
					"$(inherited)",
					"@executable_path/Frameworks",
				);
				PRODUCT_BUNDLE_IDENTIFIER = "com.RoseAndCage.Iris-iOS";
				PRODUCT_NAME = "$(TARGET_NAME)";
				SWIFT_VERSION = 5.0;
				TARGETED_DEVICE_FAMILY = "1,2";
			};
			name = Release;
		};
/* End XCBuildConfiguration section */

/* Begin XCConfigurationList section */
		EB488B4E22431F8400AC925F /* Build configuration list for PBXProject "Iris.iOS" */ = {
			isa = XCConfigurationList;
			buildConfigurations = (
				EB488B6322431F8700AC925F /* Debug */,
				EB488B6422431F8700AC925F /* Release */,
			);
			defaultConfigurationIsVisible = 0;
			defaultConfigurationName = Release;
		};
		EB488B6522431F8700AC925F /* Build configuration list for PBXNativeTarget "Iris.iOS" */ = {
			isa = XCConfigurationList;
			buildConfigurations = (
				EB488B6622431F8700AC925F /* Debug */,
				EB488B6722431F8700AC925F /* Release */,
			);
			defaultConfigurationIsVisible = 0;
			defaultConfigurationName = Release;
		};
/* End XCConfigurationList section */
	};
	rootObject = EB488B4B22431F8400AC925F /* Project object */;
}
